Microsoft Visual Studio Solution File, Format Version 11.00
# Visual Studio 2008

Project("{732EB077-645B-B4AF-F299-2A82720B49E9}") = "MiniClash 2.0", "Assembly-CSharp.csproj", "{A34A809E-51E9-BA60-43AF-DB14975ECE10}"
EndProject
Global
	GlobalSection(SolutionConfigurationPlatforms) = preSolution
		Debug|Any CPU = Debug|Any CPU
		Release|Any CPU = Release|Any CPU
	EndGlobalSection
	GlobalSection(ProjectConfigurationPlatforms) = postSolution
		{A34A809E-51E9-BA60-43AF-DB14975ECE10}.Debug|Any CPU.ActiveCfg = Debug|Any CPU
		{A34A809E-51E9-BA60-43AF-DB14975ECE10}.Debug|Any CPU.Build.0 = Debug|Any CPU
		{A34A809E-51E9-BA60-43AF-DB14975ECE10}.Release|Any CPU.ActiveCfg = Release|Any CPU
		{A34A809E-51E9-BA60-43AF-DB14975ECE10}.Release|Any CPU.Build.0 = Release|Any CPU
	EndGlobalSection
	GlobalSection(SolutionProperties) = preSolution
		HideSolutionNode = FALSE
	EndGlobalSection
	GlobalSection(MonoDevelopProperties) = preSolution
		StartupItem = Assembly-CSharp.csproj
	EndGlobalSection
EndGlobal
